// !$*UTF8*$!
{
	archiveVersion = 1;
	classes = {
	};
	objectVersion = 77;
	objects = {

/* Begin PBXBuildFile section */
		01F5631D2F9A636400DCC190 /* Sparkle in Frameworks */ = {isa = PBXBuildFile; productRef = 01F5631C2F9A636400DCC190 /* Sparkle */; };
		AFF6F40CEC703577739B077E /* RamblrKit in Frameworks */ = {isa = PBXBuildFile; productRef = 744F53C5E4A106D3F80AE1A9 /* RamblrKit */; };
/* End PBXBuildFile section */

/* Begin PBXFileReference section */
		01607EFB2D1883C80006DBE4 /* Ramblr.app */ = {isa = PBXFileReference; explicitFileType = wrapper.application; includeInIndex = 0; path = Ramblr.app; sourceTree = BUILT_PRODUCTS_DIR; };
/* End PBXFileReference section */

/* Begin PBXFileSystemSynchronizedBuildFileExceptionSet section */
		01607F232D1898E10006DBE4 /* Exceptions for "Ramblr" folder in "Ramblr" target */ = {
			isa = PBXFileSystemSynchronizedBuildFileExceptionSet;
			membershipExceptions = (
				Info.plist,
			);
			target = 01607EFA2D1883C80006DBE4 /* Ramblr */;
		};
/* End PBXFileSystemSynchronizedBuildFileExceptionSet section */

/* Begin PBXFileSystemSynchronizedRootGroup section */
		01607EFD2D1883C80006DBE4 /* Ramblr */ = {
			isa = PBXFileSystemSynchronizedRootGroup;
			exceptions = (
				01607F232D1898E10006DBE4 /* Exceptions for "Ramblr" folder in "Ramblr" target */,
			);
			path = Ramblr;
			sourceTree = "<group>";
		};
/* End PBXFileSystemSynchronizedRootGroup section */

/* Begin PBXFrameworksBuildPhase section */
		01607EF82D1883C80006DBE4 /* Frameworks */ = {
			isa = PBXFrameworksBuildPhase;
			buildActionMask = 2147483647;
			files = (
				01F5631D2F9A636400DCC190 /* Sparkle in Frameworks */,
				AFF6F40CEC703577739B077E /* RamblrKit in Frameworks */,
			);
			runOnlyForDeploymentPostprocessing = 0;
		};
/* End PBXFrameworksBuildPhase section */

/* Begin PBXGroup section */
		01607EF22D1883C80006DBE4 = {
			isa = PBXGroup;
			children = (
				01607EFD2D1883C80006DBE4 /* Ramblr */,
				01607EFC2D1883C80006DBE4 /* Products */,
			);
			sourceTree = "<group>";
		};
		01607EFC2D1883C80006DBE4 /* Products */ = {
			isa = PBXGroup;
			children = (
				01607EFB2D1883C80006DBE4 /* Ramblr.app */,
			);
			name = Products;
			sourceTree = "<group>";
		};
/* End PBXGroup section */

/* Begin PBXNativeTarget section */
		01607EFA2D1883C80006DBE4 /* Ramblr */ = {
			isa = PBXNativeTarget;
			buildConfigurationList = 01607F0A2D1883C90006DBE4 /* Build configuration list for PBXNativeTarget "Ramblr" */;
			buildPhases = (
				01607EF72D1883C80006DBE4 /* Sources */,
				01607EF82D1883C80006DBE4 /* Frameworks */,
				01607EF92D1883C80006DBE4 /* Resources */,
				AA0000012D1883C80006DBE4 /* Build media-helper */,
			);
			buildRules = (
			);
			dependencies = (
			);
			fileSystemSynchronizedGroups = (
				01607EFD2D1883C80006DBE4 /* Ramblr */,
			);
			name = Ramblr;
			packageProductDependencies = (
				01F5631C2F9A636400DCC190 /* Sparkle */,
				744F53C5E4A106D3F80AE1A9 /* RamblrKit */,
			);
			productName = Ramblr;
			productReference = 01607EFB2D1883C80006DBE4 /* Ramblr.app */;
			productType = "com.apple.product-type.application";
		};
/* End PBXNativeTarget section */

/* Begin PBXProject section */
		01607EF32D1883C80006DBE4 /* Project object */ = {
			isa = PBXProject;
			attributes = {
				BuildIndependentTargetsInParallel = 1;
				LastSwiftUpdateCheck = 1620;
				LastUpgradeCheck = 2620;
				TargetAttributes = {
					01607EFA2D1883C80006DBE4 = {
						CreatedOnToolsVersion = 16.2;
					};
				};
			};
			buildConfigurationList = 01607EF62D1883C80006DBE4 /* Build configuration list for PBXProject "Ramblr" */;
			developmentRegion = en;
			hasScannedForEncodings = 0;
			knownRegions = (
				en,
				Base,
			);
			mainGroup = 01607EF22D1883C80006DBE4;
			minimizedProjectReferenceProxies = 1;
			packageReferences = (
				01F5631B2F9A636400DCC190 /* XCRemoteSwiftPackageReference "Sparkle" */,
				BA10DB9036419C016436DAE9 /* XCLocalSwiftPackageReference "RamblrKit" */,
			);
			preferredProjectObjectVersion = 77;
			productRefGroup = 01607EFC2D1883C80006DBE4 /* Products */;
			projectDirPath = "";
			projectRoot = "";
			targets = (
				01607EFA2D1883C80006DBE4 /* Ramblr */,
			);
		};
/* End PBXProject section */

/* Begin PBXResourcesBuildPhase section */
		01607EF92D1883C80006DBE4 /* Resources */ = {
			isa = PBXResourcesBuildPhase;
			buildActionMask = 2147483647;
			files = (
			);
			runOnlyForDeploymentPostprocessing = 0;
		};
/* End PBXResourcesBuildPhase section */

/* Begin PBXShellScriptBuildPhase section */
		AA0000012D1883C80006DBE4 /* Build media-helper */ = {
			isa = PBXShellScriptBuildPhase;
			alwaysOutOfDate = 1;
			buildActionMask = 2147483647;
			files = (
			);
			inputPaths = (
				"$(SRCROOT)/MediaHelper/media-helper",
			);
			name = "Build media-helper";
			outputPaths = (
				"$(TARGET_BUILD_DIR)/$(PRODUCT_NAME).app/Contents/Resources/media-helper",
				"$(TARGET_BUILD_DIR)/$(PRODUCT_NAME).app/Contents/Resources/MediaRemoteAdapter.dylib",
			);
			runOnlyForDeploymentPostprocessing = 0;
			shellPath = /bin/sh;
			shellScript = "set -e\nAPP_DIR=\"${TARGET_BUILD_DIR}/${PRODUCT_NAME}.app\"\nRES_DIR=\"${APP_DIR}/Contents/Resources\"\nmkdir -p \"$RES_DIR\"\n\n# Copy MediaRemoteAdapter dylib into Resources\nADAPTER_DYLIB=\"\"\nfor candidate in \\\n  /opt/homebrew/Cellar/media-control/*/Frameworks/MediaRemoteAdapter.framework/Versions/A/MediaRemoteAdapter \\\n  /opt/homebrew/Frameworks/MediaRemoteAdapter.framework/Versions/A/MediaRemoteAdapter \\\n  /usr/local/Frameworks/MediaRemoteAdapter.framework/Versions/A/MediaRemoteAdapter; do\n  if [ -f \"$candidate\" ]; then\n    ADAPTER_DYLIB=\"$candidate\"\n    break\n  fi\ndone\nif [ -n \"$ADAPTER_DYLIB\" ]; then\n  cp -L \"$ADAPTER_DYLIB\" \"$RES_DIR/MediaRemoteAdapter.dylib\"\nelse\n  echo \"error: MediaRemoteAdapter not found.\" >&2\n  echo \"error: Install it before building Ramblr: brew install media-control\" >&2\n  exit 1\nfi\n\n# Copy media-helper Perl script\ncp \"${SRCROOT}/MediaHelper/media-helper\" \"$RES_DIR/media-helper\"\nchmod +x \"$RES_DIR/media-helper\"\n";
		};
/* End PBXShellScriptBuildPhase section */

/* Begin PBXSourcesBuildPhase section */
		01607EF72D1883C80006DBE4 /* Sources */ = {
			isa = PBXSourcesBuildPhase;
			buildActionMask = 2147483647;
			files = (
			);
			runOnlyForDeploymentPostprocessing = 0;
		};
/* End PBXSourcesBuildPhase section */

/* Begin XCBuildConfiguration section */
		01607F082D1883C90006DBE4 /* Debug */ = {
			isa = XCBuildConfiguration;
			buildSettings = {
				ALWAYS_SEARCH_USER_PATHS = NO;
				ASSETCATALOG_COMPILER_GENERATE_SWIFT_ASSET_SYMBOL_EXTENSIONS = YES;
				CLANG_ANALYZER_NONNULL = YES;
				CLANG_ANALYZER_NUMBER_OBJECT_CONVERSION = YES_AGGRESSIVE;
				CLANG_CXX_LANGUAGE_STANDARD = "gnu++20";
				CLANG_ENABLE_MODULES = YES;
				CLANG_ENABLE_OBJC_ARC = YES;
				CLANG_ENABLE_OBJC_WEAK = YES;
				CLANG_WARN_BLOCK_CAPTURE_AUTORELEASING = YES;
				CLANG_WARN_BOOL_CONVERSION = YES;
				CLANG_WARN_COMMA = YES;
				CLANG_WARN_CONSTANT_CONVERSION = YES;
				CLANG_WARN_DEPRECATED_OBJC_IMPLEMENTATIONS = YES;
				CLANG_WARN_DIRECT_OBJC_ISA_USAGE = YES_ERROR;
				CLANG_WARN_DOCUMENTATION_COMMENTS = YES;
				CLANG_WARN_EMPTY_BODY = YES;
				CLANG_WARN_ENUM_CONVERSION = YES;
				CLANG_WARN_INFINITE_RECURSION = YES;
				CLANG_WARN_INT_CONVERSION = YES;
				CLANG_WARN_NON_LITERAL_NULL_CONVERSION = YES;
				CLANG_WARN_OBJC_IMPLICIT_RETAIN_SELF = YES;
				CLANG_WARN_OBJC_LITERAL_CONVERSION = YES;
				CLANG_WARN_OBJC_ROOT_CLASS = YES_ERROR;
				CLANG_WARN_QUOTED_INCLUDE_IN_FRAMEWORK_HEADER = YES;
				CLANG_WARN_RANGE_LOOP_ANALYSIS = YES;
				CLANG_WARN_STRICT_PROTOTYPES = YES;
				CLANG_WARN_SUSPICIOUS_MOVE = YES;
				CLANG_WARN_UNGUARDED_AVAILABILITY = YES_AGGRESSIVE;
				CLANG_WARN_UNREACHABLE_CODE = YES;
				CLANG_WARN__DUPLICATE_METHOD_MATCH = YES;
				COPY_PHASE_STRIP = NO;
				DEAD_CODE_STRIPPING = YES;
				DEBUG_INFORMATION_FORMAT = dwarf;
				DEVELOPMENT_TEAM = RCRD96UZHN;
				ENABLE_STRICT_OBJC_MSGSEND = YES;
				ENABLE_TESTABILITY = YES;
				ENABLE_USER_SCRIPT_SANDBOXING = YES;
				GCC_C_LANGUAGE_STANDARD = gnu17;
				GCC_DYNAMIC_NO_PIC = NO;
				GCC_NO_COMMON_BLOCKS = YES;
				GCC_OPTIMIZATION_LEVEL = 0;
				GCC_PREPROCESSOR_DEFINITIONS = (
					"DEBUG=1",
					"$(inherited)",
				);
				GCC_WARN_64_TO_32_BIT_CONVERSION = YES;
				GCC_WARN_ABOUT_RETURN_TYPE = YES_ERROR;
				GCC_WARN_UNDECLARED_SELECTOR = YES;
				GCC_WARN_UNINITIALIZED_AUTOS = YES_AGGRESSIVE;
				GCC_WARN_UNUSED_FUNCTION = YES;
				GCC_WARN_UNUSED_VARIABLE = YES;
				LOCALIZATION_PREFERS_STRING_CATALOGS = YES;
				MACOSX_DEPLOYMENT_TARGET = 15.2;
				MTL_ENABLE_DEBUG_INFO = INCLUDE_SOURCE;
				MTL_FAST_MATH = YES;
				ONLY_ACTIVE_ARCH = YES;
				SDKROOT = macosx;
				STRING_CATALOG_GENERATE_SYMBOLS = YES;
				SWIFT_ACTIVE_COMPILATION_CONDITIONS = "DEBUG $(inherited)";
				SWIFT_OPTIMIZATION_LEVEL = "-Onone";
			};
			name = Debug;
		};
		01607F092D1883C90006DBE4 /* Release */ = {
			isa = XCBuildConfiguration;
			buildSettings = {
				ALWAYS_SEARCH_USER_PATHS = NO;
				ASSETCATALOG_COMPILER_GENERATE_SWIFT_ASSET_SYMBOL_EXTENSIONS = YES;
				CLANG_ANALYZER_NONNULL = YES;
				CLANG_ANALYZER_NUMBER_OBJECT_CONVERSION = YES_AGGRESSIVE;
				CLANG_CXX_LANGUAGE_STANDARD = "gnu++20";
				CLANG_ENABLE_MODULES = YES;
				CLANG_ENABLE_OBJC_ARC = YES;
				CLANG_ENABLE_OBJC_WEAK = YES;
				CLANG_WARN_BLOCK_CAPTURE_AUTORELEASING = YES;
				CLANG_WARN_BOOL_CONVERSION = YES;
				CLANG_WARN_COMMA = YES;
				CLANG_WARN_CONSTANT_CONVERSION = YES;
				CLANG_WARN_DEPRECATED_OBJC_IMPLEMENTATIONS = YES;
				CLANG_WARN_DIRECT_OBJC_ISA_USAGE = YES_ERROR;
				CLANG_WARN_DOCUMENTATION_COMMENTS = YES;
				CLANG_WARN_EMPTY_BODY = YES;
				CLANG_WARN_ENUM_CONVERSION = YES;
				CLANG_WARN_INFINITE_RECURSION = YES;
				CLANG_WARN_INT_CONVERSION = YES;
				CLANG_WARN_NON_LITERAL_NULL_CONVERSION = YES;
				CLANG_WARN_OBJC_IMPLICIT_RETAIN_SELF = YES;
				CLANG_WARN_OBJC_LITERAL_CONVERSION = YES;
				CLANG_WARN_OBJC_ROOT_CLASS = YES_ERROR;
				CLANG_WARN_QUOTED_INCLUDE_IN_FRAMEWORK_HEADER = YES;
				CLANG_WARN_RANGE_LOOP_ANALYSIS = YES;
				CLANG_WARN_STRICT_PROTOTYPES = YES;
				CLANG_WARN_SUSPICIOUS_MOVE = YES;
				CLANG_WARN_UNGUARDED_AVAILABILITY = YES_AGGRESSIVE;
				CLANG_WARN_UNREACHABLE_CODE = YES;
				CLANG_WARN__DUPLICATE_METHOD_MATCH = YES;
				COPY_PHASE_STRIP = NO;
				DEAD_CODE_STRIPPING = YES;
				DEBUG_INFORMATION_FORMAT = "dwarf-with-dsym";
				DEVELOPMENT_TEAM = RCRD96UZHN;
				ENABLE_NS_ASSERTIONS = NO;
				ENABLE_STRICT_OBJC_MSGSEND = YES;
				ENABLE_USER_SCRIPT_SANDBOXING = YES;
				GCC_C_LANGUAGE_STANDARD = gnu17;
				GCC_NO_COMMON_BLOCKS = YES;
				GCC_WARN_64_TO_32_BIT_CONVERSION = YES;
				GCC_WARN_ABOUT_RETURN_TYPE = YES_ERROR;
				GCC_WARN_UNDECLARED_SELECTOR = YES;
				GCC_WARN_UNINITIALIZED_AUTOS = YES_AGGRESSIVE;
				GCC_WARN_UNUSED_FUNCTION = YES;
				GCC_WARN_UNUSED_VARIABLE = YES;
				LOCALIZATION_PREFERS_STRING_CATALOGS = YES;
				MACOSX_DEPLOYMENT_TARGET = 15.2;
				MTL_ENABLE_DEBUG_INFO = NO;
				MTL_FAST_MATH = YES;
				SDKROOT = macosx;
				STRING_CATALOG_GENERATE_SYMBOLS = YES;
				SWIFT_COMPILATION_MODE = wholemodule;
			};
			name = Release;
		};
		01607F0B2D1883C90006DBE4 /* Debug */ = {
			isa = XCBuildConfiguration;
			buildSettings = {
				ASSETCATALOG_COMPILER_APPICON_NAME = AppIcon;
				ASSETCATALOG_COMPILER_GLOBAL_ACCENT_COLOR_NAME = AccentColor;
				AUTOMATION_APPLE_EVENTS = YES;
				CODE_SIGN_ENTITLEMENTS = Ramblr/Ramblr.entitlements;
				CODE_SIGN_STYLE = Automatic;
				COMBINE_HIDPI_IMAGES = YES;
				CURRENT_PROJECT_VERSION = 25;
				DEAD_CODE_STRIPPING = YES;
				DEVELOPMENT_ASSET_PATHS = "\"Ramblr/Preview Content\"";
				ENABLE_APP_SANDBOX = NO;
				ENABLE_HARDENED_RUNTIME = YES;
				ENABLE_PREVIEWS = YES;
				ENABLE_RESOURCE_ACCESS_AUDIO_INPUT = YES;
				GENERATE_INFOPLIST_FILE = YES;
				INFOPLIST_FILE = Ramblr/Info.plist;
				INFOPLIST_KEY_CFBundleDisplayName = Ramblr;
				INFOPLIST_KEY_LSApplicationCategoryType = "public.app-category.utilities";
				INFOPLIST_KEY_NSHumanReadableCopyright = "";
				INFOPLIST_KEY_NSMicrophoneUsageDescription = "Ramblr needs the microphone to capture your voice for dictation.";
				LD_RUNPATH_SEARCH_PATHS = (
					"$(inherited)",
					"@executable_path/../Frameworks",
				);
				MARKETING_VERSION = 1.11.2;
				PRODUCT_BUNDLE_IDENTIFIER = com.nfarina.Ramblr;
				PRODUCT_NAME = "$(TARGET_NAME)";
				SWIFT_EMIT_LOC_STRINGS = YES;
				SWIFT_VERSION = 5.0;
			};
			name = Debug;
		};
		01607F0C2D1883C90006DBE4 /* Release */ = {
			isa = XCBuildConfiguration;
			buildSettings = {
				ASSETCATALOG_COMPILER_APPICON_NAME = AppIcon;
				ASSETCATALOG_COMPILER_GLOBAL_ACCENT_COLOR_NAME = AccentColor;
				AUTOMATION_APPLE_EVENTS = YES;
				CODE_SIGN_ENTITLEMENTS = Ramblr/Ramblr.entitlements;
				CODE_SIGN_STYLE = Automatic;
				COMBINE_HIDPI_IMAGES = YES;
				CURRENT_PROJECT_VERSION = 25;
				DEAD_CODE_STRIPPING = YES;
				DEVELOPMENT_ASSET_PATHS = "\"Ramblr/Preview Content\"";
				ENABLE_APP_SANDBOX = NO;
				ENABLE_HARDENED_RUNTIME = YES;
				ENABLE_PREVIEWS = YES;
				ENABLE_RESOURCE_ACCESS_AUDIO_INPUT = YES;
				GENERATE_INFOPLIST_FILE = YES;
				INFOPLIST_FILE = Ramblr/Info.plist;
				INFOPLIST_KEY_CFBundleDisplayName = Ramblr;
				INFOPLIST_KEY_LSApplicationCategoryType = "public.app-category.utilities";
				INFOPLIST_KEY_NSHumanReadableCopyright = "";
				INFOPLIST_KEY_NSMicrophoneUsageDescription = "Ramblr needs the microphone to capture your voice for dictation.";
				LD_RUNPATH_SEARCH_PATHS = (
					"$(inherited)",
					"@executable_path/../Frameworks",
				);
				MARKETING_VERSION = 1.11.2;
				PRODUCT_BUNDLE_IDENTIFIER = com.nfarina.Ramblr;
				PRODUCT_NAME = "$(TARGET_NAME)";
				SWIFT_EMIT_LOC_STRINGS = YES;
				SWIFT_VERSION = 5.0;
			};
			name = Release;
		};
/* End XCBuildConfiguration section */

/* Begin XCConfigurationList section */
		01607EF62D1883C80006DBE4 /* Build configuration list for PBXProject "Ramblr" */ = {
			isa = XCConfigurationList;
			buildConfigurations = (
				01607F082D1883C90006DBE4 /* Debug */,
				01607F092D1883C90006DBE4 /* Release */,
			);
			defaultConfigurationIsVisible = 0;
			defaultConfigurationName = Release;
		};
		01607F0A2D1883C90006DBE4 /* Build configuration list for PBXNativeTarget "Ramblr" */ = {
			isa = XCConfigurationList;
			buildConfigurations = (
				01607F0B2D1883C90006DBE4 /* Debug */,
				01607F0C2D1883C90006DBE4 /* Release */,
			);
			defaultConfigurationIsVisible = 0;
			defaultConfigurationName = Release;
		};
/* End XCConfigurationList section */

/* Begin XCLocalSwiftPackageReference section */
		BA10DB9036419C016436DAE9 /* XCLocalSwiftPackageReference "RamblrKit" */ = {
			isa = XCLocalSwiftPackageReference;
			relativePath = RamblrKit;
		};
/* End XCLocalSwiftPackageReference section */

/* Begin XCRemoteSwiftPackageReference section */
		01F5631B2F9A636400DCC190 /* XCRemoteSwiftPackageReference "Sparkle" */ = {
			isa = XCRemoteSwiftPackageReference;
			repositoryURL = "https://github.com/sparkle-project/Sparkle";
			requirement = {
				kind = upToNextMajorVersion;
				minimumVersion = 2.9.1;
			};
		};
/* End XCRemoteSwiftPackageReference section */

/* Begin XCSwiftPackageProductDependency section */
		01F5631C2F9A636400DCC190 /* Sparkle */ = {
			isa = XCSwiftPackageProductDependency;
			package = 01F5631B2F9A636400DCC190 /* XCRemoteSwiftPackageReference "Sparkle" */;
			productName = Sparkle;
		};
		744F53C5E4A106D3F80AE1A9 /* RamblrKit */ = {
			isa = XCSwiftPackageProductDependency;
			package = BA10DB9036419C016436DAE9 /* XCLocalSwiftPackageReference "RamblrKit" */;
			productName = RamblrKit;
		};
/* End XCSwiftPackageProductDependency section */
	};
	rootObject = 01607EF32D1883C80006DBE4 /* Project object */;
}
